
Microsoft Visual Studio Solution File, Format Version 12.00
# Visual Studio Version 17
VisualStudioVersion = 17.11.35327.3
MinimumVisualStudioVersion = 10.0.40219.1
Project("{FAE04EC0-301F-11D3-BF4B-00C04F79EFBC}") = "CompleteAboutUs", "CompleteAboutUs\CompleteAboutUs.csproj", "{00F3AB2E-9B15-4D94-BB6C-E6B2EF6CDEB7}"
EndProject
Global
	GlobalSection(SolutionConfigurationPlatforms) = preSolution
		Debug|Any CPU = Debug|Any CPU
		Release|Any CPU = Release|Any CPU
	EndGlobalSection
	GlobalSection(ProjectConfigurationPlatforms) = postSolution
		{00F3AB2E-9B15-4D94-BB6C-E6B2EF6CDEB7}.Debug|Any CPU.ActiveCfg = Debug|Any CPU
		{00F3AB2E-9B15-4D94-BB6C-E6B2EF6CDEB7}.Debug|Any CPU.Build.0 = Debug|Any CPU
		{00F3AB2E-9B15-4D94-BB6C-E6B2EF6CDEB7}.Release|Any CPU.ActiveCfg = Release|Any CPU
		{00F3AB2E-9B15-4D94-BB6C-E6B2EF6CDEB7}.Release|Any CPU.Build.0 = Release|Any CPU
	EndGlobalSection
	GlobalSection(SolutionProperties) = preSolution
		HideSolutionNode = FALSE
	EndGlobalSection
	GlobalSection(ExtensibilityGlobals) = postSolution
		SolutionGuid = {403CAA03-8680-40BB-AA6E-B97C3E768835}
	EndGlobalSection
EndGlobal
